
Microsoft Visual Studio Solution File, Format Version 12.00
# Visual Studio Version 17
VisualStudioVersion = 17.3.32825.248
MinimumVisualStudioVersion = 10.0.40219.1
Project("{FAE04EC0-301F-11D3-BF4B-00C04F79EFBC}") = "TranslateGenericFromGoogle", "TranslateGenericFromGoogle\TranslateGenericFromGoogle.csproj", "{470968B2-0920-4568-8214-C3B7FAB883A2}"
EndProject
Global
	GlobalSection(SolutionConfigurationPlatforms) = preSolution
		Debug|Any CPU = Debug|Any CPU
		Release|Any CPU = Release|Any CPU
	EndGlobalSection
	GlobalSection(ProjectConfigurationPlatforms) = postSolution
		{470968B2-0920-4568-8214-C3B7FAB883A2}.Debug|Any CPU.ActiveCfg = Debug|Any CPU
		{470968B2-0920-4568-8214-C3B7FAB883A2}.Debug|Any CPU.Build.0 = Debug|Any CPU
		{470968B2-0920-4568-8214-C3B7FAB883A2}.Release|Any CPU.ActiveCfg = Release|Any CPU
		{470968B2-0920-4568-8214-C3B7FAB883A2}.Release|Any CPU.Build.0 = Release|Any CPU
	EndGlobalSection
	GlobalSection(SolutionProperties) = preSolution
		HideSolutionNode = FALSE
	EndGlobalSection
	GlobalSection(ExtensibilityGlobals) = postSolution
		SolutionGuid = {15F6713E-DFF1-4093-A9CE-B49CB8A917D1}
	EndGlobalSection
EndGlobal
